# This file is automatically @generated by Cargo.
# It is not intended for manual editing.
version = 4

[[package]]
name = "abc220"
version = "0.1.0"
dependencies = [
 "itertools",
 "num-integer",
 "proconio",
 "superslice",
]

[[package]]
name = "abc397"
version = "0.1.0"
dependencies = [
 "itertools",
 "num-integer",
 "proconio",
 "superslice",
]

[[package]]
name = "abc398"
version = "0.1.0"
dependencies = [
 "itertools",
 "num-integer",
 "proconio",
 "superslice",
]

[[package]]
name = "abc399"
version = "0.1.0"
dependencies = [
 "itertools",
 "num-integer",
 "proconio",
 "superslice",
]

[[package]]
name = "abc400"
version = "0.1.0"
dependencies = [
 "itertools",
 "num-integer",
 "proconio",
 "superslice",
]

[[package]]
name = "abc401"
version = "0.1.0"
dependencies = [
 "itertools",
 "num-integer",
 "proconio",
 "superslice",
]

[[package]]
name = "abc402"
version = "0.1.0"
dependencies = [
 "itertools",
 "num-integer",
 "proconio",
 "superslice",
]

[[package]]
name = "abc403"
version = "0.1.0"
dependencies = [
 "itertools",
 "num-integer",
 "proconio",
 "superslice",
]

[[package]]
name = "abc404"
version = "0.1.0"
dependencies = [
 "itertools",
 "num-integer",
 "proconio",
 "superslice",
]

[[package]]
name = "abc405"
version = "0.1.0"
dependencies = [
 "itertools",
 "num-integer",
 "proconio",
 "superslice",
]

[[package]]
name = "abc406"
version = "0.1.0"
dependencies = [
 "itertools",
 "num-integer",
 "proconio",
 "superslice",
]

[[package]]
name = "abc407"
version = "0.1.0"
dependencies = [
 "itertools",
 "num-integer",
 "proconio",
 "superslice",
]

[[package]]
name = "abc408"
version = "0.1.0"
dependencies = [
 "itertools",
 "num-integer",
 "proconio",
 "superslice",
]

[[package]]
name = "abc409"
version = "0.1.0"
dependencies = [
 "itertools",
 "num-integer",
 "proconio",
 "superslice",
]

[[package]]
name = "abc410"
version = "0.1.0"
dependencies = [
 "itertools",
 "num-integer",
 "proconio",
 "superslice",
]

[[package]]
name = "abc411"
version = "0.1.0"
dependencies = [
 "itertools",
 "num-integer",
 "proconio",
 "superslice",
]

[[package]]
name = "abc412"
version = "0.1.0"
dependencies = [
 "itertools",
 "num-integer",
 "proconio",
 "superslice",
]

[[package]]
name = "abc413"
version = "0.1.0"
dependencies = [
 "itertools",
 "num-integer",
 "proconio",
 "superslice",
]

[[package]]
name = "abc414"
version = "0.1.0"
dependencies = [
 "itertools",
 "num-integer",
 "proconio",
 "superslice",
]

[[package]]
name = "abc415"
version = "0.1.0"
dependencies = [
 "itertools",
 "num-integer",
 "proconio",
 "superslice",
]

[[package]]
name = "abc416"
version = "0.1.0"
dependencies = [
 "itertools",
 "num-integer",
 "proconio",
 "superslice",
]

[[package]]
name = "abc417"
version = "0.1.0"
dependencies = [
 "itertools",
 "num-integer",
 "proconio",
 "superslice",
]

[[package]]
name = "abc418"
version = "0.1.0"
dependencies = [
 "itertools",
 "num-integer",
 "proconio",
 "superslice",
]

[[package]]
name = "abc419"
version = "0.1.0"
dependencies = [
 "itertools",
 "num-integer",
 "proconio",
 "superslice",
]

[[package]]
name = "abc420"
version = "0.1.0"
dependencies = [
 "itertools",
 "num-integer",
 "proconio",
 "superslice",
]

[[package]]
name = "abc421"
version = "0.1.0"
dependencies = [
 "itertools",
 "num-integer",
 "proconio",
 "superslice",
]

[[package]]
name = "abc424"
version = "0.1.0"
dependencies = [
 "itertools",
 "num-integer",
 "proconio",
 "superslice",
]

[[package]]
name = "abc425"
version = "0.1.0"
dependencies = [
 "itertools",
 "num-integer",
 "proconio",
 "superslice",
]

[[package]]
name = "abc426"
version = "0.1.0"
dependencies = [
 "itertools",
 "num-integer",
 "proconio",
 "superslice",
]

[[package]]
name = "abc427"
version = "0.1.0"
dependencies = [
 "itertools",
 "num-integer",
 "proconio",
 "superslice",
]

[[package]]
name = "abc428"
version = "0.1.0"
dependencies = [
 "itertools",
 "num-integer",
 "proconio",
 "superslice",
]

[[package]]
name = "abc429"
version = "0.1.0"
dependencies = [
 "itertools",
 "num-integer",
 "proconio",
 "superslice",
]

[[package]]
name = "abc430"
version = "0.1.0"
dependencies = [
 "itertools",
 "num-integer",
 "proconio",
 "superslice",
]

[[package]]
name = "abc433"
version = "0.1.0"
dependencies = [
 "itertools",
 "num-integer",
 "proconio",
 "superslice",
]

[[package]]
name = "abc434"
version = "0.1.0"
dependencies = [
 "itertools",
 "num-integer",
 "proconio",
 "superslice",
]

[[package]]
name = "abc435"
version = "0.1.0"
dependencies = [
 "itertools",
 "num-integer",
 "proconio",
 "superslice",
]

[[package]]
name = "abc436"
version = "0.1.0"
dependencies = [
 "itertools",
 "num-integer",
 "proconio",
 "superslice",
]

[[package]]
name = "abc437"
version = "0.1.0"
dependencies = [
 "itertools",
 "num-integer",
 "proconio",
 "superslice",
]

[[package]]
name = "abc438"
version = "0.1.0"
dependencies = [
 "itertools",
 "num-integer",
 "proconio",
 "superslice",
]

[[package]]
name = "abc439"
version = "0.1.0"
dependencies = [
 "itertools",
 "num-integer",
 "proconio",
 "superslice",
]

[[package]]
name = "abc440"
version = "0.1.0"
dependencies = [
 "itertools",
 "num-integer",
 "proconio",
 "superslice",
]

[[package]]
name = "ahcintroduction"
version = "0.1.0"
dependencies = [
 "itertools",
 "num-integer",
 "proconio",
 "superslice",
]

[[package]]
name = "arc195"
version = "0.1.0"
dependencies = [
 "itertools",
 "num-integer",
 "proconio",
 "superslice",
]

[[package]]
name = "arc196"
version = "0.1.0"
dependencies = [
 "itertools",
 "num-integer",
 "proconio",
 "superslice",
]

[[package]]
name = "arc197"
version = "0.1.0"
dependencies = [
 "itertools",
 "num-integer",
 "proconio",
 "superslice",
]

[[package]]
name = "arc198"
version = "0.1.0"
dependencies = [
 "itertools",
 "num-integer",
 "proconio",
 "superslice",
]

[[package]]
name = "arc200"
version = "0.1.0"
dependencies = [
 "itertools",
 "num-integer",
 "proconio",
 "superslice",
]

[[package]]
name = "autocfg"
version = "1.5.0"
source = "registry+https://github.com/rust-lang/crates.io-index"
checksum = "c08606f8c3cbf4ce6ec8e28fb0014a2c086708fe954eaa885384a6165172e7e8"

[[package]]
name = "either"
version = "1.15.0"
source = "registry+https://github.com/rust-lang/crates.io-index"
checksum = "48c757948c5ede0e46177b7add2e67155f70e33c07fea8284df6576da70b3719"

[[package]]
name = "itertools"
version = "0.13.0"
source = "registry+https://github.com/rust-lang/crates.io-index"
checksum = "413ee7dfc52ee1a4949ceeb7dbc8a33f2d6c088194d9f922fb8318faf1f01186"
dependencies = [
 "either",
]

[[package]]
name = "num-integer"
version = "0.1.46"
source = "registry+https://github.com/rust-lang/crates.io-index"
checksum = "7969661fd2958a5cb096e56c8e1ad0444ac2bbcd0061bd28660485a44879858f"
dependencies = [
 "num-traits",
]

[[package]]
name = "num-traits"
version = "0.2.19"
source = "registry+https://github.com/rust-lang/crates.io-index"
checksum = "071dfc062690e90b734c0b2273ce72ad0ffa95f0c74596bc250dcfd960262841"
dependencies = [
 "autocfg",
]

[[package]]
name = "proconio"
version = "0.4.5"
source = "registry+https://github.com/rust-lang/crates.io-index"
checksum = "0eb404616795079e2390e7115acf0ada24e9332e8476de2aada7bacb9992dc9e"

[[package]]
name = "superslice"
version = "1.0.0"
source = "registry+https://github.com/rust-lang/crates.io-index"
checksum = "ab16ced94dbd8a46c82fd81e3ed9a8727dac2977ea869d217bcc4ea1f122e81f"
